# THIS IS AN AUTOGENERATED FILE. DO NOT EDIT THIS FILE DIRECTLY.
# yarn lockfile v1


"@ludeschersoftware/dom@^1.0.3":
  version "1.0.3"
  resolved "https://registry.yarnpkg.com/@ludeschersoftware/dom/-/dom-1.0.3.tgz#c0b714ba0d7db6f8de2df028dbd8bd2b12e9c3f7"
  integrity sha512-YYMCNwImAVkDBBw+BulBslSkou/cIHrPL6bDz+SHFPdtcIMA19CvXWiqQra68g8pGqgaEgDInewdMlq+t02xMg==

"@ludeschersoftware/list@^1.0.0":
  version "1.0.0"
  resolved "https://registry.yarnpkg.com/@ludeschersoftware/list/-/list-1.0.0.tgz#66cab55c03eda13bc81290c7f930d03b691b1e55"
  integrity sha512-Rm77oWhdIwRsRt9+gly59C5dEfJuV0tntGIaPZzIhuaxnEP23XNYrSCCrye1E4dyBTLjUVzdZOzN3wJ0hE046A==

"@ludeschersoftware/math@^1.0.0":
  version "1.0.0"
  resolved "https://registry.yarnpkg.com/@ludeschersoftware/math/-/math-1.0.0.tgz#8585b7c291b2af04b02f272e1f43d091784465ea"
  integrity sha512-iYXy+LGHhJTD6xT9LUUejFocujD2k2pwT1VM9C60nfxSkcZbg2GefhmZHSRDpEGQlRfyDV3exLXSvFN/37f4BA==

"@ludeschersoftware/ref@^1.0.0":
  version "1.0.0"
  resolved "https://registry.yarnpkg.com/@ludeschersoftware/ref/-/ref-1.0.0.tgz#5f20e9fe83a859798f4eb4b96719b77f435fd43d"
  integrity sha512-2J/aREHAbBvzGziB66pk3E1Y8wsxkQk13KQ52i2OxZDspks2zcjlMUrE2GgTBGUMocuATWoUKiu4k7J13nWwUA==

"@ludeschersoftware/struct@^1.1.0":
  version "1.1.0"
  resolved "https://registry.yarnpkg.com/@ludeschersoftware/struct/-/struct-1.1.0.tgz#54b05fca94b44b17c4ee6b4c50b37dacb3f84411"
  integrity sha512-qDJbcokAEGqP+M17kcAIAkhFC2Iy+4Nk0pLMJ3bfYt4sb7PEGTygmDpeBy4fGLBljzSjaeulh9ddLNhUHqsF2g==

"@ludeschersoftware/ticktock@^1.0.1":
  version "1.0.1"
  resolved "https://registry.yarnpkg.com/@ludeschersoftware/ticktock/-/ticktock-1.0.1.tgz#d2fcad4d60859d517380092797873012bb9240b6"
  integrity sha512-LbimU+ETG9u88PT4PrQVm5lYYmwuiATKFVYdgOcGJtIvpM7xZ3/3Rh4Le4CRShWpNgG/KLYfPfBGQl/75L+/4A==

"@ludeschersoftware/types@^1.3.0":
  version "1.3.0"
  resolved "https://registry.yarnpkg.com/@ludeschersoftware/types/-/types-1.3.0.tgz#a52556a2457c6e81835e038cec8e147309797847"
  integrity sha512-cv2g+HDgigOLs8N3yR7IgrBaV1JVQU1eIr/vxEb7sP69ABy2kYBb999fXQc2YXmgde7JU7laRmxfyeogX5V2lA==

"@ludeschersoftware/utils@^1.1.0":
  version "1.1.0"
  resolved "https://registry.yarnpkg.com/@ludeschersoftware/utils/-/utils-1.1.0.tgz#6e701c5e22d0531158c832f47e8513931bd3e277"
  integrity sha512-8ObA+WKcgd/YSOW0tBAe6+ePM1G2c9HVYC3lhHotIqJXpvWtV4Boua6oTBO4bs+OeU0pJndtEkxNyup5jHsEqA==
  dependencies:
    "@ludeschersoftware/math" "^1.0.0"

gl-matrix@4.0.0-beta.2:
  version "4.0.0-beta.2"
  resolved "https://registry.yarnpkg.com/gl-matrix/-/gl-matrix-4.0.0-beta.2.tgz#04148276cd8f130b65d28c1e4e5caa0d947537e2"
  integrity sha512-OF6IkQpMkF8p2CZF9EtzYZPlPaW3M41KMsgZGlTKmMv/nWaP6GMJi9V5tI+oPn8FG0io85Q5ZtKpCXP4u6YmDA==
